
Microsoft Visual Studio Solution File, Format Version 12.00
# Visual Studio Version 17
VisualStudioVersion = 17.12.35506.116 d17.12
MinimumVisualStudioVersion = 10.0.40219.1
Project("{FAE04EC0-301F-11D3-BF4B-00C04F79EFBC}") = "ExpenseTracker", "ExpenseTracker\ExpenseTracker.csproj", "{36AA88CE-A486-4ACD-B799-021668E165EB}"
EndProject
Project("{2150E333-8FDC-42A3-9474-1A3956D46DE8}") = "Solution Items", "Solution Items", "{229EF2E3-1D3D-4B88-8BC0-043FECC7E74B}"
	ProjectSection(SolutionItems) = preProject
		.editorconfig = .editorconfig
	EndProjectSection
EndProject
Global
	GlobalSection(SolutionConfigurationPlatforms) = preSolution
		Debug|Any CPU = Debug|Any CPU
		Release|Any CPU = Release|Any CPU
	EndGlobalSection
	GlobalSection(ProjectConfigurationPlatforms) = postSolution
		{36AA88CE-A486-4ACD-B799-021668E165EB}.Debug|Any CPU.ActiveCfg = Debug|Any CPU
		{36AA88CE-A486-4ACD-B799-021668E165EB}.Debug|Any CPU.Build.0 = Debug|Any CPU
		{36AA88CE-A486-4ACD-B799-021668E165EB}.Release|Any CPU.ActiveCfg = Release|Any CPU
		{36AA88CE-A486-4ACD-B799-021668E165EB}.Release|Any CPU.Build.0 = Release|Any CPU
	EndGlobalSection
	GlobalSection(SolutionProperties) = preSolution
		HideSolutionNode = FALSE
	EndGlobalSection
EndGlobal
